
Microsoft Visual Studio Solution File, Format Version 12.00
# Visual Studio Version 16
VisualStudioVersion = 16.0.31129.286
MinimumVisualStudioVersion = 10.0.40219.1
Project("{FAE04EC0-301F-11D3-BF4B-00C04F79EFBC}") = "ChannelEngine_ConsoleApp", "ChannelEngine_ConsoleApp.csproj", "{86FD9A37-8277-4030-9BB8-CE25078A0ACD}"
EndProject
Project("{FAE04EC0-301F-11D3-BF4B-00C04F79EFBC}") = "ChannelEngine.BusinessLogic", "..\ChannelEngine.Shared\ChannelEngine.BusinessLogic.csproj", "{9EA64F5F-0CB5-4D52-869A-E613C10BC76D}"
EndProject
Project("{FAE04EC0-301F-11D3-BF4B-00C04F79EFBC}") = "ChannelEngine_WebView", "..\ChannelEngine_WebView\ChannelEngine_WebView.csproj", "{ED89A142-A497-40F0-84DD-04DA3FD7B8E2}"
EndProject
Project("{FAE04EC0-301F-11D3-BF4B-00C04F79EFBC}") = "ChannelEngine.UnitTests", "..\ChannelEngine.UnitTests\ChannelEngine.UnitTests.csproj", "{7AF3B55E-F9BE-43D2-8E7C-3F918F095412}"
EndProject
Global
	GlobalSection(SolutionConfigurationPlatforms) = preSolution
		Debug|Any CPU = Debug|Any CPU
		Release|Any CPU = Release|Any CPU
	EndGlobalSection
	GlobalSection(ProjectConfigurationPlatforms) = postSolution
		{86FD9A37-8277-4030-9BB8-CE25078A0ACD}.Debug|Any CPU.ActiveCfg = Debug|Any CPU
		{86FD9A37-8277-4030-9BB8-CE25078A0ACD}.Debug|Any CPU.Build.0 = Debug|Any CPU
		{86FD9A37-8277-4030-9BB8-CE25078A0ACD}.Release|Any CPU.ActiveCfg = Release|Any CPU
		{86FD9A37-8277-4030-9BB8-CE25078A0ACD}.Release|Any CPU.Build.0 = Release|Any CPU
		{9EA64F5F-0CB5-4D52-869A-E613C10BC76D}.Debug|Any CPU.ActiveCfg = Debug|Any CPU
		{9EA64F5F-0CB5-4D52-869A-E613C10BC76D}.Debug|Any CPU.Build.0 = Debug|Any CPU
		{9EA64F5F-0CB5-4D52-869A-E613C10BC76D}.Release|Any CPU.ActiveCfg = Release|Any CPU
		{9EA64F5F-0CB5-4D52-869A-E613C10BC76D}.Release|Any CPU.Build.0 = Release|Any CPU
		{ED89A142-A497-40F0-84DD-04DA3FD7B8E2}.Debug|Any CPU.ActiveCfg = Debug|Any CPU
		{ED89A142-A497-40F0-84DD-04DA3FD7B8E2}.Debug|Any CPU.Build.0 = Debug|Any CPU
		{ED89A142-A497-40F0-84DD-04DA3FD7B8E2}.Release|Any CPU.ActiveCfg = Release|Any CPU
		{ED89A142-A497-40F0-84DD-04DA3FD7B8E2}.Release|Any CPU.Build.0 = Release|Any CPU
		{7AF3B55E-F9BE-43D2-8E7C-3F918F095412}.Debug|Any CPU.ActiveCfg = Debug|Any CPU
		{7AF3B55E-F9BE-43D2-8E7C-3F918F095412}.Debug|Any CPU.Build.0 = Debug|Any CPU
		{7AF3B55E-F9BE-43D2-8E7C-3F918F095412}.Release|Any CPU.ActiveCfg = Release|Any CPU
		{7AF3B55E-F9BE-43D2-8E7C-3F918F095412}.Release|Any CPU.Build.0 = Release|Any CPU
	EndGlobalSection
	GlobalSection(SolutionProperties) = preSolution
		HideSolutionNode = FALSE
	EndGlobalSection
	GlobalSection(ExtensibilityGlobals) = postSolution
		SolutionGuid = {DC73A3EF-F00C-44D6-9912-0A87FC10E956}
	EndGlobalSection
EndGlobal
